<Solution>
  <Configurations>
    <Platform Name="x64" />
  </Configurations>
  <Project Path="TestImplementComAotConsole.Com/TestImplementComAotConsole.Com.csproj">
    <Platform Project="x64" />
  </Project>
  <Project Path="TestImplementComAotConsole.CsWin32/TestImplementComAotConsole.CsWin32.csproj">
    <Platform Project="x64" />
  </Project>
  <Project Path="TestImplementComAotConsole/TestImplementComAotConsole.csproj">
    <Platform Project="x64" />
  </Project>
</Solution>
