<Solution>
  <Configurations>
    <Platform Name="x64" />
  </Configurations>
  <Project Path="TestImplementComAotConsole.CsWin32/TestImplementComAotConsole.CsWin32.csproj">
    <Platform Project="x64" />
    <Build Solution="Release|*" Project="false" />
  </Project>
  <Project Path="TestImplementComAotConsole/TestImplementComAotConsole.csproj">
    <Platform Project="x64" />
  </Project>
</Solution>
